
Microsoft Visual Studio Solution File, Format Version 12.00
# Visual Studio Version 17
VisualStudioVersion = 17.1.32319.34
MinimumVisualStudioVersion = 10.0.40219.1
Project("{2150E333-8FDC-42A3-9474-1A3956D46DE8}") = "Authorization", "Authorization", "{AEA6A823-2C54-4712-921F-0A1220DD484B}"
EndProject
Project("{2150E333-8FDC-42A3-9474-1A3956D46DE8}") = "Stock", "Stock", "{9BBC0C74-8D45-4A3E-913C-B3545D0564DC}"
EndProject
Project("{2150E333-8FDC-42A3-9474-1A3956D46DE8}") = "src", "src", "{222E8F53-ACE4-45B5-BDE2-0F5960986D24}"
EndProject
Project("{2150E333-8FDC-42A3-9474-1A3956D46DE8}") = "tests", "tests", "{97A08572-218D-4CE5-965D-BFEE08EB04C7}"
EndProject
Project("{9A19103F-16F7-4668-BE54-9A1E7A4F7556}") = "EStockMarket.Authorization.Domain", "src\Authorization\EStockMarket.Authorization.Domain\EStockMarket.Authorization.Domain.csproj", "{AB41B760-44A0-4913-B533-3BACF25FAD2C}"
EndProject
Project("{9A19103F-16F7-4668-BE54-9A1E7A4F7556}") = "EStockMarket.Authorization.Api", "src\Authorization\EStockMarket.Authorization.Api\EStockMarket.Authorization.Api.csproj", "{B2F6A720-B4BB-4CEE-9653-7E47EE6729BA}"
EndProject
Project("{9A19103F-16F7-4668-BE54-9A1E7A4F7556}") = "EStockMarket.Authorization.Application", "src\Authorization\EStockMarket.Authorization.Application\EStockMarket.Authorization.Application.csproj", "{E7E716A1-76C0-4601-9233-FC8A9EBC03B1}"
EndProject
Project("{9A19103F-16F7-4668-BE54-9A1E7A4F7556}") = "EStockMarket.Authorization.Infra", "src\Authorization\EStockMarket.Authorization.Infra\EStockMarket.Authorization.Infra.csproj", "{5BB4DAE5-3173-47E1-B21B-C6D1385D5EAF}"
EndProject
Project("{2150E333-8FDC-42A3-9474-1A3956D46DE8}") = "Utilities", "Utilities", "{C4D50C10-6890-4A43-B2CC-0870A8C5427A}"
EndProject
Project("{9A19103F-16F7-4668-BE54-9A1E7A4F7556}") = "Utilities", "src\Utilities\Utilities\Utilities.csproj", "{CA495F97-23DF-4DD3-8DA2-9FA93FCF91AC}"
EndProject
Project("{2150E333-8FDC-42A3-9474-1A3956D46DE8}") = "Company", "Company", "{D468D168-3711-4043-A4C1-245E0EE0D533}"
EndProject
Project("{2150E333-8FDC-42A3-9474-1A3956D46DE8}") = "ApiGateway", "ApiGateway", "{0E308937-2803-4AED-9031-815D244523BB}"
EndProject
Project("{9A19103F-16F7-4668-BE54-9A1E7A4F7556}") = "EStockMarket.Company.Api", "src\Company\EStockMarket.Company.Api\EStockMarket.Company.Api.csproj", "{9D0067B4-344A-4D2A-9376-B93AFFAE866F}"
EndProject
Project("{9A19103F-16F7-4668-BE54-9A1E7A4F7556}") = "EStockMarket.Company.Application", "src\Company\EStockMarket.Company.Application\EStockMarket.Company.Application.csproj", "{51470A2C-7607-48BF-97F1-7069E11FFE16}"
EndProject
Project("{9A19103F-16F7-4668-BE54-9A1E7A4F7556}") = "EStockMarket.Company.Domain", "src\Company\EStockMarket.Company.Domain\EStockMarket.Company.Domain.csproj", "{6AA3D95C-2FA3-4282-AFB0-3D4D7B6874DB}"
EndProject
Project("{9A19103F-16F7-4668-BE54-9A1E7A4F7556}") = "EStockMarket.Company.Infra", "src\Company\EStockMarket.Company.Infra\EStockMarket.Company.Infra.csproj", "{92AE4271-1C1E-4E07-89C1-AB1E93EB8FDC}"
EndProject
Project("{FAE04EC0-301F-11D3-BF4B-00C04F79EFBC}") = "EStockMarket.Stock.Api", "src\Stock\EStockMarket.Stock.Api\EStockMarket.Stock.Api.csproj", "{0222A5AA-2A98-4BAE-98F8-041D0FA5CB61}"
EndProject
Project("{FAE04EC0-301F-11D3-BF4B-00C04F79EFBC}") = "EStockMarket.Stock.Application", "src\Stock\EStockMarket.Stock.Application\EStockMarket.Stock.Application.csproj", "{9517CE18-BD6C-4863-A7E8-D63EB21F9377}"
EndProject
Project("{FAE04EC0-301F-11D3-BF4B-00C04F79EFBC}") = "EStockMarket.Stock.Domain", "src\Stock\EStockMarket.Stock.Domain\EStockMarket.Stock.Domain.csproj", "{C3CAA5BD-6F08-4424-9A5C-593C61B626D2}"
EndProject
Project("{FAE04EC0-301F-11D3-BF4B-00C04F79EFBC}") = "EStockMarket.Stock.Infra", "src\Stock\EStockMarket.Stock.Infra\EStockMarket.Stock.Infra.csproj", "{FAE50CBC-29F2-473E-994A-F88B4A1249FB}"
EndProject
Project("{FAE04EC0-301F-11D3-BF4B-00C04F79EFBC}") = "EStockMarket.ApiGateway", "src\ApiGateway\EStockMarket.ApiGateway\EStockMarket.ApiGateway.csproj", "{D3F3796A-EB02-43F8-B08C-DCF929023800}"
EndProject
Global
	GlobalSection(SolutionConfigurationPlatforms) = preSolution
		Debug|Any CPU = Debug|Any CPU
		Release|Any CPU = Release|Any CPU
	EndGlobalSection
	GlobalSection(ProjectConfigurationPlatforms) = postSolution
		{AB41B760-44A0-4913-B533-3BACF25FAD2C}.Debug|Any CPU.ActiveCfg = Debug|Any CPU
		{AB41B760-44A0-4913-B533-3BACF25FAD2C}.Debug|Any CPU.Build.0 = Debug|Any CPU
		{AB41B760-44A0-4913-B533-3BACF25FAD2C}.Release|Any CPU.ActiveCfg = Release|Any CPU
		{AB41B760-44A0-4913-B533-3BACF25FAD2C}.Release|Any CPU.Build.0 = Release|Any CPU
		{B2F6A720-B4BB-4CEE-9653-7E47EE6729BA}.Debug|Any CPU.ActiveCfg = Debug|Any CPU
		{B2F6A720-B4BB-4CEE-9653-7E47EE6729BA}.Debug|Any CPU.Build.0 = Debug|Any CPU
		{B2F6A720-B4BB-4CEE-9653-7E47EE6729BA}.Release|Any CPU.ActiveCfg = Release|Any CPU
		{B2F6A720-B4BB-4CEE-9653-7E47EE6729BA}.Release|Any CPU.Build.0 = Release|Any CPU
		{E7E716A1-76C0-4601-9233-FC8A9EBC03B1}.Debug|Any CPU.ActiveCfg = Debug|Any CPU
		{E7E716A1-76C0-4601-9233-FC8A9EBC03B1}.Debug|Any CPU.Build.0 = Debug|Any CPU
		{E7E716A1-76C0-4601-9233-FC8A9EBC03B1}.Release|Any CPU.ActiveCfg = Release|Any CPU
		{E7E716A1-76C0-4601-9233-FC8A9EBC03B1}.Release|Any CPU.Build.0 = Release|Any CPU
		{5BB4DAE5-3173-47E1-B21B-C6D1385D5EAF}.Debug|Any CPU.ActiveCfg = Debug|Any CPU
		{5BB4DAE5-3173-47E1-B21B-C6D1385D5EAF}.Debug|Any CPU.Build.0 = Debug|Any CPU
		{5BB4DAE5-3173-47E1-B21B-C6D1385D5EAF}.Release|Any CPU.ActiveCfg = Release|Any CPU
		{5BB4DAE5-3173-47E1-B21B-C6D1385D5EAF}.Release|Any CPU.Build.0 = Release|Any CPU
		{CA495F97-23DF-4DD3-8DA2-9FA93FCF91AC}.Debug|Any CPU.ActiveCfg = Debug|Any CPU
		{CA495F97-23DF-4DD3-8DA2-9FA93FCF91AC}.Debug|Any CPU.Build.0 = Debug|Any CPU
		{CA495F97-23DF-4DD3-8DA2-9FA93FCF91AC}.Release|Any CPU.ActiveCfg = Release|Any CPU
		{CA495F97-23DF-4DD3-8DA2-9FA93FCF91AC}.Release|Any CPU.Build.0 = Release|Any CPU
		{9D0067B4-344A-4D2A-9376-B93AFFAE866F}.Debug|Any CPU.ActiveCfg = Debug|Any CPU
		{9D0067B4-344A-4D2A-9376-B93AFFAE866F}.Debug|Any CPU.Build.0 = Debug|Any CPU
		{9D0067B4-344A-4D2A-9376-B93AFFAE866F}.Release|Any CPU.ActiveCfg = Release|Any CPU
		{9D0067B4-344A-4D2A-9376-B93AFFAE866F}.Release|Any CPU.Build.0 = Release|Any CPU
		{51470A2C-7607-48BF-97F1-7069E11FFE16}.Debug|Any CPU.ActiveCfg = Debug|Any CPU
		{51470A2C-7607-48BF-97F1-7069E11FFE16}.Debug|Any CPU.Build.0 = Debug|Any CPU
		{51470A2C-7607-48BF-97F1-7069E11FFE16}.Release|Any CPU.ActiveCfg = Release|Any CPU
		{51470A2C-7607-48BF-97F1-7069E11FFE16}.Release|Any CPU.Build.0 = Release|Any CPU
		{6AA3D95C-2FA3-4282-AFB0-3D4D7B6874DB}.Debug|Any CPU.ActiveCfg = Debug|Any CPU
		{6AA3D95C-2FA3-4282-AFB0-3D4D7B6874DB}.Debug|Any CPU.Build.0 = Debug|Any CPU
		{6AA3D95C-2FA3-4282-AFB0-3D4D7B6874DB}.Release|Any CPU.ActiveCfg = Release|Any CPU
		{6AA3D95C-2FA3-4282-AFB0-3D4D7B6874DB}.Release|Any CPU.Build.0 = Release|Any CPU
		{92AE4271-1C1E-4E07-89C1-AB1E93EB8FDC}.Debug|Any CPU.ActiveCfg = Debug|Any CPU
		{92AE4271-1C1E-4E07-89C1-AB1E93EB8FDC}.Debug|Any CPU.Build.0 = Debug|Any CPU
		{92AE4271-1C1E-4E07-89C1-AB1E93EB8FDC}.Release|Any CPU.ActiveCfg = Release|Any CPU
		{92AE4271-1C1E-4E07-89C1-AB1E93EB8FDC}.Release|Any CPU.Build.0 = Release|Any CPU
		{0222A5AA-2A98-4BAE-98F8-041D0FA5CB61}.Debug|Any CPU.ActiveCfg = Debug|Any CPU
		{0222A5AA-2A98-4BAE-98F8-041D0FA5CB61}.Debug|Any CPU.Build.0 = Debug|Any CPU
		{0222A5AA-2A98-4BAE-98F8-041D0FA5CB61}.Release|Any CPU.ActiveCfg = Release|Any CPU
		{0222A5AA-2A98-4BAE-98F8-041D0FA5CB61}.Release|Any CPU.Build.0 = Release|Any CPU
		{9517CE18-BD6C-4863-A7E8-D63EB21F9377}.Debug|Any CPU.ActiveCfg = Debug|Any CPU
		{9517CE18-BD6C-4863-A7E8-D63EB21F9377}.Debug|Any CPU.Build.0 = Debug|Any CPU
		{9517CE18-BD6C-4863-A7E8-D63EB21F9377}.Release|Any CPU.ActiveCfg = Release|Any CPU
		{9517CE18-BD6C-4863-A7E8-D63EB21F9377}.Release|Any CPU.Build.0 = Release|Any CPU
		{C3CAA5BD-6F08-4424-9A5C-593C61B626D2}.Debug|Any CPU.ActiveCfg = Debug|Any CPU
		{C3CAA5BD-6F08-4424-9A5C-593C61B626D2}.Debug|Any CPU.Build.0 = Debug|Any CPU
		{C3CAA5BD-6F08-4424-9A5C-593C61B626D2}.Release|Any CPU.ActiveCfg = Release|Any CPU
		{C3CAA5BD-6F08-4424-9A5C-593C61B626D2}.Release|Any CPU.Build.0 = Release|Any CPU
		{FAE50CBC-29F2-473E-994A-F88B4A1249FB}.Debug|Any CPU.ActiveCfg = Debug|Any CPU
		{FAE50CBC-29F2-473E-994A-F88B4A1249FB}.Debug|Any CPU.Build.0 = Debug|Any CPU
		{FAE50CBC-29F2-473E-994A-F88B4A1249FB}.Release|Any CPU.ActiveCfg = Release|Any CPU
		{FAE50CBC-29F2-473E-994A-F88B4A1249FB}.Release|Any CPU.Build.0 = Release|Any CPU
		{D3F3796A-EB02-43F8-B08C-DCF929023800}.Debug|Any CPU.ActiveCfg = Debug|Any CPU
		{D3F3796A-EB02-43F8-B08C-DCF929023800}.Debug|Any CPU.Build.0 = Debug|Any CPU
		{D3F3796A-EB02-43F8-B08C-DCF929023800}.Release|Any CPU.ActiveCfg = Release|Any CPU
		{D3F3796A-EB02-43F8-B08C-DCF929023800}.Release|Any CPU.Build.0 = Release|Any CPU
	EndGlobalSection
	GlobalSection(SolutionProperties) = preSolution
		HideSolutionNode = FALSE
	EndGlobalSection
	GlobalSection(NestedProjects) = preSolution
		{AEA6A823-2C54-4712-921F-0A1220DD484B} = {222E8F53-ACE4-45B5-BDE2-0F5960986D24}
		{9BBC0C74-8D45-4A3E-913C-B3545D0564DC} = {222E8F53-ACE4-45B5-BDE2-0F5960986D24}
		{AB41B760-44A0-4913-B533-3BACF25FAD2C} = {AEA6A823-2C54-4712-921F-0A1220DD484B}
		{B2F6A720-B4BB-4CEE-9653-7E47EE6729BA} = {AEA6A823-2C54-4712-921F-0A1220DD484B}
		{E7E716A1-76C0-4601-9233-FC8A9EBC03B1} = {AEA6A823-2C54-4712-921F-0A1220DD484B}
		{5BB4DAE5-3173-47E1-B21B-C6D1385D5EAF} = {AEA6A823-2C54-4712-921F-0A1220DD484B}
		{C4D50C10-6890-4A43-B2CC-0870A8C5427A} = {222E8F53-ACE4-45B5-BDE2-0F5960986D24}
		{CA495F97-23DF-4DD3-8DA2-9FA93FCF91AC} = {C4D50C10-6890-4A43-B2CC-0870A8C5427A}
		{D468D168-3711-4043-A4C1-245E0EE0D533} = {222E8F53-ACE4-45B5-BDE2-0F5960986D24}
		{0E308937-2803-4AED-9031-815D244523BB} = {222E8F53-ACE4-45B5-BDE2-0F5960986D24}
		{9D0067B4-344A-4D2A-9376-B93AFFAE866F} = {D468D168-3711-4043-A4C1-245E0EE0D533}
		{51470A2C-7607-48BF-97F1-7069E11FFE16} = {D468D168-3711-4043-A4C1-245E0EE0D533}
		{6AA3D95C-2FA3-4282-AFB0-3D4D7B6874DB} = {D468D168-3711-4043-A4C1-245E0EE0D533}
		{92AE4271-1C1E-4E07-89C1-AB1E93EB8FDC} = {D468D168-3711-4043-A4C1-245E0EE0D533}
		{0222A5AA-2A98-4BAE-98F8-041D0FA5CB61} = {9BBC0C74-8D45-4A3E-913C-B3545D0564DC}
		{9517CE18-BD6C-4863-A7E8-D63EB21F9377} = {9BBC0C74-8D45-4A3E-913C-B3545D0564DC}
		{C3CAA5BD-6F08-4424-9A5C-593C61B626D2} = {9BBC0C74-8D45-4A3E-913C-B3545D0564DC}
		{FAE50CBC-29F2-473E-994A-F88B4A1249FB} = {9BBC0C74-8D45-4A3E-913C-B3545D0564DC}
		{D3F3796A-EB02-43F8-B08C-DCF929023800} = {0E308937-2803-4AED-9031-815D244523BB}
	EndGlobalSection
	GlobalSection(ExtensibilityGlobals) = postSolution
		SolutionGuid = {069466FA-9A40-48DC-A9BD-5A2B252B8320}
	EndGlobalSection
EndGlobal
